# generated by rye
# use `rye lock` or `rye sync` to update this lockfile
#
# last locked with the following flags:
#   pre: false
#   features: []
#   all-features: true
#   with-sources: false
#   generate-hashes: false

-e file:.
absl-py==2.1.0
    # via keras
    # via tensorboard
    # via tensorflow
annotated-types==0.7.0
    # via pydantic
astunparse==1.6.3
    # via tensorflow
babel==2.15.0
    # via mkdocs-material
certifi==2024.2.2
    # via netcdf4
    # via requests
cffi==1.16.0
    # via soundfile
cftime==1.6.3
    # via netcdf4
charset-normalizer==3.3.2
    # via requests
click==8.1.7
    # via mkdocs
    # via mkdocstrings
colorama==0.4.6
    # via griffe
    # via mkdocs-material
coverage==7.5.3
    # via pytest-cov
cython==3.0.10
    # via soundevent
dnspython==2.6.1
    # via email-validator
email-validator==2.1.1
    # via soundevent
flatbuffers==24.3.25
    # via tensorflow
    # via tflite
gast==0.5.4
    # via tensorflow
ghp-import==2.1.0
    # via mkdocs
google-pasta==0.2.0
    # via tensorflow
griffe==0.45.2
    # via mkdocstrings-python
grpcio==1.64.0
    # via tensorboard
    # via tensorflow
h5py==3.11.0
    # via keras
    # via tensorflow
idna==3.7
    # via email-validator
    # via requests
iniconfig==2.0.0
    # via pytest
jinja2==3.1.4
    # via mkdocs
    # via mkdocs-material
    # via mkdocstrings
keras==3.3.3
    # via tensorflow
libclang==18.1.1
    # via tensorflow
markdown==3.6
    # via mkdocs
    # via mkdocs-autorefs
    # via mkdocs-material
    # via mkdocstrings
    # via pymdown-extensions
    # via tensorboard
markdown-it-py==3.0.0
    # via rich
markupsafe==2.1.5
    # via jinja2
    # via mkdocs
    # via mkdocs-autorefs
    # via mkdocstrings
    # via werkzeug
mdurl==0.1.2
    # via markdown-it-py
mergedeep==1.3.4
    # via mkdocs
    # via mkdocs-get-deps
mkdocs==1.6.0
    # via mkdocs-autorefs
    # via mkdocs-material
    # via mkdocstrings
mkdocs-autorefs==1.0.1
    # via mkdocstrings
mkdocs-get-deps==0.2.0
    # via mkdocs
mkdocs-material==9.5.25
mkdocs-material-extensions==1.3.1
    # via mkdocs-material
mkdocstrings==0.25.1
    # via mkdocstrings-python
mkdocstrings-python==1.10.3
    # via mkdocstrings
ml-dtypes==0.3.2
    # via keras
    # via tensorflow
namex==0.0.8
    # via keras
netcdf4==1.6.5
    # via audioclass
nodeenv==1.9.0
    # via pyright
numpy==1.24.4
    # via cftime
    # via h5py
    # via keras
    # via ml-dtypes
    # via netcdf4
    # via opt-einsum
    # via pandas
    # via pyarrow
    # via scipy
    # via tensorboard
    # via tensorflow
    # via tensorflow-hub
    # via tflite
    # via tflite-runtime
    # via xarray
opt-einsum==3.3.0
    # via tensorflow
optree==0.11.0
    # via keras
packaging==24.0
    # via mkdocs
    # via pytest
    # via tensorflow
    # via xarray
paginate==0.5.6
    # via mkdocs-material
pandas==2.2.2
    # via audioclass
    # via xarray
pathspec==0.12.1
    # via mkdocs
platformdirs==4.2.2
    # via mkdocs-get-deps
    # via mkdocstrings
pluggy==1.5.0
    # via pytest
protobuf==4.25.3
    # via tensorboard
    # via tensorflow
    # via tensorflow-hub
pyarrow==16.1.0
    # via audioclass
pycparser==2.22
    # via cffi
pydantic==2.7.1
    # via soundevent
pydantic-core==2.18.2
    # via pydantic
pygments==2.18.0
    # via mkdocs-material
    # via rich
pymdown-extensions==10.8.1
    # via mkdocs-material
    # via mkdocstrings
pyright==1.1.365
pytest==8.2.1
    # via pytest-cov
    # via pytest-mock
pytest-cov==5.0.0
    # via pytest-cover
pytest-cover==3.0.0
    # via pytest-coverage
pytest-coverage==0.0
pytest-mock==3.14.0
python-dateutil==2.9.0.post0
    # via ghp-import
    # via pandas
pytz==2024.1
    # via pandas
pyyaml==6.0.1
    # via mkdocs
    # via mkdocs-get-deps
    # via pymdown-extensions
    # via pyyaml-env-tag
pyyaml-env-tag==0.1
    # via mkdocs
regex==2024.5.15
    # via mkdocs-material
requests==2.32.2
    # via audioclass
    # via mkdocs-material
    # via tensorflow
rich==13.7.1
    # via keras
ruff==0.4.6
scipy==1.13.1
    # via soundevent
setuptools==70.0.0
    # via tensorboard
    # via tensorflow
six==1.16.0
    # via astunparse
    # via google-pasta
    # via python-dateutil
    # via tensorboard
    # via tensorflow
soundevent==2.0.0
    # via audioclass
soundfile==0.12.1
    # via soundevent
tensorboard==2.16.2
    # via tensorflow
tensorboard-data-server==0.7.2
    # via tensorboard
tensorflow==2.16.1
    # via audioclass
    # via tf-keras
tensorflow-hub==0.16.1
    # via audioclass
tensorflow-io-gcs-filesystem==0.37.0
    # via tensorflow
termcolor==2.4.0
    # via tensorflow
tf-keras==2.16.0
    # via tensorflow-hub
tflite==2.10.0
    # via audioclass
tflite-runtime==2.14.0
    # via audioclass
tqdm==4.66.4
    # via audioclass
typing-extensions==4.12.0
    # via optree
    # via pydantic
    # via pydantic-core
    # via tensorflow
tzdata==2024.1
    # via pandas
urllib3==2.2.1
    # via requests
watchdog==4.0.1
    # via mkdocs
werkzeug==3.0.3
    # via tensorboard
wheel==0.43.0
    # via astunparse
wrapt==1.16.0
    # via tensorflow
xarray==2024.5.0
    # via soundevent
